
Microsoft Visual Studio Solution File, Format Version 12.00
# Visual Studio Version 16
VisualStudioVersion = 16.0.29025.244
MinimumVisualStudioVersion = 10.0.40219.1
Project("{FAE04EC0-301F-11D3-BF4B-00C04F79EFBC}") = "Lab 8", "Lab 8\Lab 8.csproj", "{C1F61882-867E-47CA-93D5-5A3E1BFAD2C7}"
EndProject
Global
	GlobalSection(SolutionConfigurationPlatforms) = preSolution
		Debug|Any CPU = Debug|Any CPU
		Release|Any CPU = Release|Any CPU
	EndGlobalSection
	GlobalSection(ProjectConfigurationPlatforms) = postSolution
		{C1F61882-867E-47CA-93D5-5A3E1BFAD2C7}.Debug|Any CPU.ActiveCfg = Debug|Any CPU
		{C1F61882-867E-47CA-93D5-5A3E1BFAD2C7}.Debug|Any CPU.Build.0 = Debug|Any CPU
		{C1F61882-867E-47CA-93D5-5A3E1BFAD2C7}.Release|Any CPU.ActiveCfg = Release|Any CPU
		{C1F61882-867E-47CA-93D5-5A3E1BFAD2C7}.Release|Any CPU.Build.0 = Release|Any CPU
	EndGlobalSection
	GlobalSection(SolutionProperties) = preSolution
		HideSolutionNode = FALSE
	EndGlobalSection
	GlobalSection(ExtensibilityGlobals) = postSolution
		SolutionGuid = {BB0F0D73-0177-4BA2-A7DB-9624F4A75276}
	EndGlobalSection
EndGlobal
